
Microsoft Visual Studio Solution File, Format Version 12.00
# Visual Studio 14
VisualStudioVersion = 14.0.24720.0
MinimumVisualStudioVersion = 10.0.40219.1
Project("{FAE04EC0-301F-11D3-BF4B-00C04F79EFBC}") = "EmbrOnlineStore", "EmbrOnlineStore\EmbrOnlineStore.csproj", "{969913EF-A4FA-483A-822D-0DFA69B54CB4}"
EndProject
Project("{FAE04EC0-301F-11D3-BF4B-00C04F79EFBC}") = "EmbrOnlineStore.Tests", "EmbrOnlineStore.Tests\EmbrOnlineStore.Tests.csproj", "{DF01DFBE-D48A-42D4-A474-300CEBE7C36C}"
EndProject
Global
	GlobalSection(SolutionConfigurationPlatforms) = preSolution
		Debug|Any CPU = Debug|Any CPU
		Release|Any CPU = Release|Any CPU
	EndGlobalSection
	GlobalSection(ProjectConfigurationPlatforms) = postSolution
		{969913EF-A4FA-483A-822D-0DFA69B54CB4}.Debug|Any CPU.ActiveCfg = Debug|Any CPU
		{969913EF-A4FA-483A-822D-0DFA69B54CB4}.Debug|Any CPU.Build.0 = Debug|Any CPU
		{969913EF-A4FA-483A-822D-0DFA69B54CB4}.Release|Any CPU.ActiveCfg = Release|Any CPU
		{969913EF-A4FA-483A-822D-0DFA69B54CB4}.Release|Any CPU.Build.0 = Release|Any CPU
		{DF01DFBE-D48A-42D4-A474-300CEBE7C36C}.Debug|Any CPU.ActiveCfg = Debug|Any CPU
		{DF01DFBE-D48A-42D4-A474-300CEBE7C36C}.Debug|Any CPU.Build.0 = Debug|Any CPU
		{DF01DFBE-D48A-42D4-A474-300CEBE7C36C}.Release|Any CPU.ActiveCfg = Release|Any CPU
		{DF01DFBE-D48A-42D4-A474-300CEBE7C36C}.Release|Any CPU.Build.0 = Release|Any CPU
	EndGlobalSection
	GlobalSection(SolutionProperties) = preSolution
		HideSolutionNode = FALSE
	EndGlobalSection
EndGlobal
